// !$*UTF8*$!
{
	archiveVersion = 1;
	classes = {
	};
	objectVersion = 77;
	objects = {

/* Begin PBXBuildFile section */
		0FBE19286D3B670301E1CCC4 /* SyncedWorkoutStore.swift in Sources */ = {isa = PBXBuildFile; fileRef = D16BB4C37C2EFEEF447CD883 /* SyncedWorkoutStore.swift */; };
		12D94B7566B474798A7E15B2 /* ContentView.swift in Sources */ = {isa = PBXBuildFile; fileRef = E7D68F757CC455DA749325EA /* ContentView.swift */; };
		1743F94D0A5D8F3BC2FD9959 /* WorkoutListView.swift in Sources */ = {isa = PBXBuildFile; fileRef = 5A31F61AF34F7BBD31B57B8F /* WorkoutListView.swift */; };
		24DE31988EC3A53EC86FF5E3 /* RunningPageSyncCore in Frameworks */ = {isa = PBXBuildFile; productRef = 5C01633014486E0D00CE5BD7 /* RunningPageSyncCore */; };
		3F90B4F461D72BD39D22A027 /* SettingsView.swift in Sources */ = {isa = PBXBuildFile; fileRef = 8204496036BE5499F9A9EBD1 /* SettingsView.swift */; };
		411BF385A7CF277870ED4391 /* RunningPageSyncApp.swift in Sources */ = {isa = PBXBuildFile; fileRef = 2DA6C62F3BFF336469AA9C5E /* RunningPageSyncApp.swift */; };
		574B65096139A5645D0A13D8 /* KeychainStore.swift in Sources */ = {isa = PBXBuildFile; fileRef = D894607E5D80FB0C1B9B9EDC /* KeychainStore.swift */; };
		5FA3BDCCAE0B14AE4B3F6CDC /* HealthKitWorkoutService.swift in Sources */ = {isa = PBXBuildFile; fileRef = E016AB3CBFEFCB5797376F94 /* HealthKitWorkoutService.swift */; };
		6CB8128AA02C1DC67090305D /* CoreLocation.framework in Frameworks */ = {isa = PBXBuildFile; fileRef = 00D1CD8DBE91063C6E3D2FF0 /* CoreLocation.framework */; };
		7E536911DB6933BD1FD36F98 /* SyncCoordinator.swift in Sources */ = {isa = PBXBuildFile; fileRef = 2544DF3AEED0CC4DD645110C /* SyncCoordinator.swift */; };
		8C29F9C802CDA9CE82715356 /* RunningPageSyncSmokeTests.swift in Sources */ = {isa = PBXBuildFile; fileRef = 2B9AEECA041E778163B339E3 /* RunningPageSyncSmokeTests.swift */; };
		99D54ADE4676619CAB748C79 /* GitHubSettingsStore.swift in Sources */ = {isa = PBXBuildFile; fileRef = ACC1540449E23936C89F73BB /* GitHubSettingsStore.swift */; };
		A0A4E3FBC93ACF2CA737BED7 /* HealthKit.framework in Frameworks */ = {isa = PBXBuildFile; fileRef = 1CD2B0C060080FDC44753E9F /* HealthKit.framework */; };
/* End PBXBuildFile section */

/* Begin PBXContainerItemProxy section */
		BB96DFA4CDEEB72AEB2A828B /* PBXContainerItemProxy */ = {
			isa = PBXContainerItemProxy;
			containerPortal = 05BFF79D2AA584BA7E2EC9D3 /* Project object */;
			proxyType = 1;
			remoteGlobalIDString = 1ABFA4F83F6CB3A8F54459D5;
			remoteInfo = RunningPageSync;
		};
/* End PBXContainerItemProxy section */

/* Begin PBXFileReference section */
		00D1CD8DBE91063C6E3D2FF0 /* CoreLocation.framework */ = {isa = PBXFileReference; lastKnownFileType = wrapper.framework; name = CoreLocation.framework; path = System/Library/Frameworks/CoreLocation.framework; sourceTree = SDKROOT; };
		1CD2B0C060080FDC44753E9F /* HealthKit.framework */ = {isa = PBXFileReference; lastKnownFileType = wrapper.framework; name = HealthKit.framework; path = System/Library/Frameworks/HealthKit.framework; sourceTree = SDKROOT; };
		2544DF3AEED0CC4DD645110C /* SyncCoordinator.swift */ = {isa = PBXFileReference; lastKnownFileType = sourcecode.swift; path = SyncCoordinator.swift; sourceTree = "<group>"; };
		2B9AEECA041E778163B339E3 /* RunningPageSyncSmokeTests.swift */ = {isa = PBXFileReference; lastKnownFileType = sourcecode.swift; path = RunningPageSyncSmokeTests.swift; sourceTree = "<group>"; };
		2DA6C62F3BFF336469AA9C5E /* RunningPageSyncApp.swift */ = {isa = PBXFileReference; lastKnownFileType = sourcecode.swift; path = RunningPageSyncApp.swift; sourceTree = "<group>"; };
		4CBDEFD2D932B978EFC69A0C /* RunningPageSync.app */ = {isa = PBXFileReference; includeInIndex = 0; lastKnownFileType = wrapper.application; path = RunningPageSync.app; sourceTree = BUILT_PRODUCTS_DIR; };
		5A31F61AF34F7BBD31B57B8F /* WorkoutListView.swift */ = {isa = PBXFileReference; lastKnownFileType = sourcecode.swift; path = WorkoutListView.swift; sourceTree = "<group>"; };
		6303676F7111AFCE84572E9C /* RunningPageSyncTests.xctest */ = {isa = PBXFileReference; includeInIndex = 0; lastKnownFileType = wrapper.cfbundle; path = RunningPageSyncTests.xctest; sourceTree = BUILT_PRODUCTS_DIR; };
		8204496036BE5499F9A9EBD1 /* SettingsView.swift */ = {isa = PBXFileReference; lastKnownFileType = sourcecode.swift; path = SettingsView.swift; sourceTree = "<group>"; };
		ACC1540449E23936C89F73BB /* GitHubSettingsStore.swift */ = {isa = PBXFileReference; lastKnownFileType = sourcecode.swift; path = GitHubSettingsStore.swift; sourceTree = "<group>"; };
		D16BB4C37C2EFEEF447CD883 /* SyncedWorkoutStore.swift */ = {isa = PBXFileReference; lastKnownFileType = sourcecode.swift; path = SyncedWorkoutStore.swift; sourceTree = "<group>"; };
		D894607E5D80FB0C1B9B9EDC /* KeychainStore.swift */ = {isa = PBXFileReference; lastKnownFileType = sourcecode.swift; path = KeychainStore.swift; sourceTree = "<group>"; };
		DCF979D7E77190D95EFB8C30 /* RunningPageSyncCore */ = {isa = PBXFileReference; lastKnownFileType = folder; name = RunningPageSyncCore; path = RunningPageSyncCore; sourceTree = SOURCE_ROOT; };
		E016AB3CBFEFCB5797376F94 /* HealthKitWorkoutService.swift */ = {isa = PBXFileReference; lastKnownFileType = sourcecode.swift; path = HealthKitWorkoutService.swift; sourceTree = "<group>"; };
		E7D68F757CC455DA749325EA /* ContentView.swift */ = {isa = PBXFileReference; lastKnownFileType = sourcecode.swift; path = ContentView.swift; sourceTree = "<group>"; };
/* End PBXFileReference section */

/* Begin PBXFrameworksBuildPhase section */
		94711955F4E329CA34AE3461 /* Frameworks */ = {
			isa = PBXFrameworksBuildPhase;
			buildActionMask = 2147483647;
			files = (
				24DE31988EC3A53EC86FF5E3 /* RunningPageSyncCore in Frameworks */,
				A0A4E3FBC93ACF2CA737BED7 /* HealthKit.framework in Frameworks */,
				6CB8128AA02C1DC67090305D /* CoreLocation.framework in Frameworks */,
			);
			runOnlyForDeploymentPostprocessing = 0;
		};
/* End PBXFrameworksBuildPhase section */

/* Begin PBXGroup section */
		318B5FF1087ED2DFED9051C6 /* Sources */ = {
			isa = PBXGroup;
			children = (
				E7D68F757CC455DA749325EA /* ContentView.swift */,
				ACC1540449E23936C89F73BB /* GitHubSettingsStore.swift */,
				E016AB3CBFEFCB5797376F94 /* HealthKitWorkoutService.swift */,
				D894607E5D80FB0C1B9B9EDC /* KeychainStore.swift */,
				2DA6C62F3BFF336469AA9C5E /* RunningPageSyncApp.swift */,
				8204496036BE5499F9A9EBD1 /* SettingsView.swift */,
				2544DF3AEED0CC4DD645110C /* SyncCoordinator.swift */,
				D16BB4C37C2EFEEF447CD883 /* SyncedWorkoutStore.swift */,
				5A31F61AF34F7BBD31B57B8F /* WorkoutListView.swift */,
			);
			name = Sources;
			path = RunningPageSync/Sources;
			sourceTree = "<group>";
		};
		3F0727154ADF4D894112CBEE /* Products */ = {
			isa = PBXGroup;
			children = (
				4CBDEFD2D932B978EFC69A0C /* RunningPageSync.app */,
				6303676F7111AFCE84572E9C /* RunningPageSyncTests.xctest */,
			);
			name = Products;
			sourceTree = "<group>";
		};
		6D737A08B94EA27E7AC4347B /* Packages */ = {
			isa = PBXGroup;
			children = (
				DCF979D7E77190D95EFB8C30 /* RunningPageSyncCore */,
			);
			name = Packages;
			sourceTree = "<group>";
		};
		C90110B8DDF086EA0D906CEC /* RunningPageSyncTests */ = {
			isa = PBXGroup;
			children = (
				2B9AEECA041E778163B339E3 /* RunningPageSyncSmokeTests.swift */,
			);
			path = RunningPageSyncTests;
			sourceTree = "<group>";
		};
		EAEE24D5B1F38E5DD5542798 = {
			isa = PBXGroup;
			children = (
				6D737A08B94EA27E7AC4347B /* Packages */,
				C90110B8DDF086EA0D906CEC /* RunningPageSyncTests */,
				318B5FF1087ED2DFED9051C6 /* Sources */,
				F7993A1D35EFCB3C6F987F59 /* Frameworks */,
				3F0727154ADF4D894112CBEE /* Products */,
			);
			sourceTree = "<group>";
		};
		F7993A1D35EFCB3C6F987F59 /* Frameworks */ = {
			isa = PBXGroup;
			children = (
				00D1CD8DBE91063C6E3D2FF0 /* CoreLocation.framework */,
				1CD2B0C060080FDC44753E9F /* HealthKit.framework */,
			);
			name = Frameworks;
			sourceTree = "<group>";
		};
/* End PBXGroup section */

/* Begin PBXNativeTarget section */
		1ABFA4F83F6CB3A8F54459D5 /* RunningPageSync */ = {
			isa = PBXNativeTarget;
			buildConfigurationList = 46A4114E3623F93D3DB089B4 /* Build configuration list for PBXNativeTarget "RunningPageSync" */;
			buildPhases = (
				F9F2A35538E966EF6BA17D20 /* Sources */,
				94711955F4E329CA34AE3461 /* Frameworks */,
			);
			buildRules = (
			);
			dependencies = (
			);
			name = RunningPageSync;
			packageProductDependencies = (
				5C01633014486E0D00CE5BD7 /* RunningPageSyncCore */,
			);
			productName = RunningPageSync;
			productReference = 4CBDEFD2D932B978EFC69A0C /* RunningPageSync.app */;
			productType = "com.apple.product-type.application";
		};
		D7842DCBA248AF36061CB494 /* RunningPageSyncTests */ = {
			isa = PBXNativeTarget;
			buildConfigurationList = 38470095C07506ED31AB88EC /* Build configuration list for PBXNativeTarget "RunningPageSyncTests" */;
			buildPhases = (
				87E821CBFACD5BC3972E7C64 /* Sources */,
			);
			buildRules = (
			);
			dependencies = (
				963DD9927D31C99B183E8D5A /* PBXTargetDependency */,
			);
			name = RunningPageSyncTests;
			packageProductDependencies = (
			);
			productName = RunningPageSyncTests;
			productReference = 6303676F7111AFCE84572E9C /* RunningPageSyncTests.xctest */;
			productType = "com.apple.product-type.bundle.unit-test";
		};
/* End PBXNativeTarget section */

/* Begin PBXProject section */
		05BFF79D2AA584BA7E2EC9D3 /* Project object */ = {
			isa = PBXProject;
			attributes = {
				BuildIndependentTargetsInParallel = YES;
				LastUpgradeCheck = 1430;
				TargetAttributes = {
					1ABFA4F83F6CB3A8F54459D5 = {
						DevelopmentTeam = 4AFRZJC734;
					};
					D7842DCBA248AF36061CB494 = {
						DevelopmentTeam = 4AFRZJC734;
					};
				};
			};
			buildConfigurationList = 83FFE435AFBE1F120BFCDFF3 /* Build configuration list for PBXProject "RunningPageSync" */;
			developmentRegion = en;
			hasScannedForEncodings = 0;
			knownRegions = (
				Base,
				en,
			);
			mainGroup = EAEE24D5B1F38E5DD5542798;
			minimizedProjectReferenceProxies = 1;
			packageReferences = (
				B288AF4C2E83E400B67DBCD7 /* XCLocalSwiftPackageReference "RunningPageSyncCore" */,
			);
			preferredProjectObjectVersion = 77;
			productRefGroup = 3F0727154ADF4D894112CBEE /* Products */;
			projectDirPath = "";
			projectRoot = "";
			targets = (
				1ABFA4F83F6CB3A8F54459D5 /* RunningPageSync */,
				D7842DCBA248AF36061CB494 /* RunningPageSyncTests */,
			);
		};
/* End PBXProject section */

/* Begin PBXSourcesBuildPhase section */
		87E821CBFACD5BC3972E7C64 /* Sources */ = {
			isa = PBXSourcesBuildPhase;
			buildActionMask = 2147483647;
			files = (
				8C29F9C802CDA9CE82715356 /* RunningPageSyncSmokeTests.swift in Sources */,
			);
			runOnlyForDeploymentPostprocessing = 0;
		};
		F9F2A35538E966EF6BA17D20 /* Sources */ = {
			isa = PBXSourcesBuildPhase;
			buildActionMask = 2147483647;
			files = (
				12D94B7566B474798A7E15B2 /* ContentView.swift in Sources */,
				99D54ADE4676619CAB748C79 /* GitHubSettingsStore.swift in Sources */,
				5FA3BDCCAE0B14AE4B3F6CDC /* HealthKitWorkoutService.swift in Sources */,
				574B65096139A5645D0A13D8 /* KeychainStore.swift in Sources */,
				411BF385A7CF277870ED4391 /* RunningPageSyncApp.swift in Sources */,
				3F90B4F461D72BD39D22A027 /* SettingsView.swift in Sources */,
				7E536911DB6933BD1FD36F98 /* SyncCoordinator.swift in Sources */,
				0FBE19286D3B670301E1CCC4 /* SyncedWorkoutStore.swift in Sources */,
				1743F94D0A5D8F3BC2FD9959 /* WorkoutListView.swift in Sources */,
			);
			runOnlyForDeploymentPostprocessing = 0;
		};
/* End PBXSourcesBuildPhase section */

/* Begin PBXTargetDependency section */
		963DD9927D31C99B183E8D5A /* PBXTargetDependency */ = {
			isa = PBXTargetDependency;
			target = 1ABFA4F83F6CB3A8F54459D5 /* RunningPageSync */;
			targetProxy = BB96DFA4CDEEB72AEB2A828B /* PBXContainerItemProxy */;
		};
/* End PBXTargetDependency section */

/* Begin XCBuildConfiguration section */
		279C9B8B7057C09157B543FB /* Release */ = {
			isa = XCBuildConfiguration;
			buildSettings = {
				BUNDLE_LOADER = "$(TEST_HOST)";
				LD_RUNPATH_SEARCH_PATHS = (
					"$(inherited)",
					"@executable_path/Frameworks",
					"@loader_path/Frameworks",
				);
				PRODUCT_BUNDLE_IDENTIFIER = com.runningpage.RunningPageSyncTests;
				SDKROOT = iphoneos;
				TARGETED_DEVICE_FAMILY = "1,2";
				TEST_HOST = "$(BUILT_PRODUCTS_DIR)/RunningPageSync.app/RunningPageSync";
			};
			name = Release;
		};
		5A18C357D1B4C4B7409B2042 /* Debug */ = {
			isa = XCBuildConfiguration;
			buildSettings = {
				BUNDLE_LOADER = "$(TEST_HOST)";
				LD_RUNPATH_SEARCH_PATHS = (
					"$(inherited)",
					"@executable_path/Frameworks",
					"@loader_path/Frameworks",
				);
				PRODUCT_BUNDLE_IDENTIFIER = com.runningpage.RunningPageSyncTests;
				SDKROOT = iphoneos;
				TARGETED_DEVICE_FAMILY = "1,2";
				TEST_HOST = "$(BUILT_PRODUCTS_DIR)/RunningPageSync.app/RunningPageSync";
			};
			name = Debug;
		};
		6CFE13C741B019F465C5A8DF /* Release */ = {
			isa = XCBuildConfiguration;
			buildSettings = {
				ALWAYS_SEARCH_USER_PATHS = NO;
				CLANG_ANALYZER_NONNULL = YES;
				CLANG_ANALYZER_NUMBER_OBJECT_CONVERSION = YES_AGGRESSIVE;
				CLANG_CXX_LANGUAGE_STANDARD = "gnu++14";
				CLANG_CXX_LIBRARY = "libc++";
				CLANG_ENABLE_MODULES = YES;
				CLANG_ENABLE_OBJC_ARC = YES;
				CLANG_ENABLE_OBJC_WEAK = YES;
				CLANG_WARN_BLOCK_CAPTURE_AUTORELEASING = YES;
				CLANG_WARN_BOOL_CONVERSION = YES;
				CLANG_WARN_COMMA = YES;
				CLANG_WARN_CONSTANT_CONVERSION = YES;
				CLANG_WARN_DEPRECATED_OBJC_IMPLEMENTATIONS = YES;
				CLANG_WARN_DIRECT_OBJC_ISA_USAGE = YES_ERROR;
				CLANG_WARN_DOCUMENTATION_COMMENTS = YES;
				CLANG_WARN_EMPTY_BODY = YES;
				CLANG_WARN_ENUM_CONVERSION = YES;
				CLANG_WARN_INFINITE_RECURSION = YES;
				CLANG_WARN_INT_CONVERSION = YES;
				CLANG_WARN_NON_LITERAL_NULL_CONVERSION = YES;
				CLANG_WARN_OBJC_IMPLICIT_RETAIN_SELF = YES;
				CLANG_WARN_OBJC_LITERAL_CONVERSION = YES;
				CLANG_WARN_OBJC_ROOT_CLASS = YES_ERROR;
				CLANG_WARN_QUOTED_INCLUDE_IN_FRAMEWORK_HEADER = YES;
				CLANG_WARN_RANGE_LOOP_ANALYSIS = YES;
				CLANG_WARN_STRICT_PROTOTYPES = YES;
				CLANG_WARN_SUSPICIOUS_MOVE = YES;
				CLANG_WARN_UNGUARDED_AVAILABILITY = YES_AGGRESSIVE;
				CLANG_WARN_UNREACHABLE_CODE = YES;
				CLANG_WARN__DUPLICATE_METHOD_MATCH = YES;
				COPY_PHASE_STRIP = NO;
				CURRENT_PROJECT_VERSION = 1;
				DEBUG_INFORMATION_FORMAT = "dwarf-with-dsym";
				DEVELOPMENT_TEAM = 4AFRZJC734;
				ENABLE_NS_ASSERTIONS = NO;
				ENABLE_STRICT_OBJC_MSGSEND = YES;
				GCC_C_LANGUAGE_STANDARD = gnu11;
				GCC_NO_COMMON_BLOCKS = YES;
				GCC_WARN_64_TO_32_BIT_CONVERSION = YES;
				GCC_WARN_ABOUT_RETURN_TYPE = YES_ERROR;
				GCC_WARN_UNDECLARED_SELECTOR = YES;
				GCC_WARN_UNINITIALIZED_AUTOS = YES_AGGRESSIVE;
				GCC_WARN_UNUSED_FUNCTION = YES;
				GCC_WARN_UNUSED_VARIABLE = YES;
				IPHONEOS_DEPLOYMENT_TARGET = 17.0;
				MARKETING_VERSION = 1.0;
				MTL_ENABLE_DEBUG_INFO = NO;
				MTL_FAST_MATH = YES;
				PRODUCT_NAME = "$(TARGET_NAME)";
				SDKROOT = iphoneos;
				SWIFT_COMPILATION_MODE = wholemodule;
				SWIFT_OPTIMIZATION_LEVEL = "-O";
				SWIFT_VERSION = 5.0;
			};
			name = Release;
		};
		8AA9B2EA23670AFFA0FA1D4C /* Debug */ = {
			isa = XCBuildConfiguration;
			buildSettings = {
				ALWAYS_SEARCH_USER_PATHS = NO;
				CLANG_ANALYZER_NONNULL = YES;
				CLANG_ANALYZER_NUMBER_OBJECT_CONVERSION = YES_AGGRESSIVE;
				CLANG_CXX_LANGUAGE_STANDARD = "gnu++14";
				CLANG_CXX_LIBRARY = "libc++";
				CLANG_ENABLE_MODULES = YES;
				CLANG_ENABLE_OBJC_ARC = YES;
				CLANG_ENABLE_OBJC_WEAK = YES;
				CLANG_WARN_BLOCK_CAPTURE_AUTORELEASING = YES;
				CLANG_WARN_BOOL_CONVERSION = YES;
				CLANG_WARN_COMMA = YES;
				CLANG_WARN_CONSTANT_CONVERSION = YES;
				CLANG_WARN_DEPRECATED_OBJC_IMPLEMENTATIONS = YES;
				CLANG_WARN_DIRECT_OBJC_ISA_USAGE = YES_ERROR;
				CLANG_WARN_DOCUMENTATION_COMMENTS = YES;
				CLANG_WARN_EMPTY_BODY = YES;
				CLANG_WARN_ENUM_CONVERSION = YES;
				CLANG_WARN_INFINITE_RECURSION = YES;
				CLANG_WARN_INT_CONVERSION = YES;
				CLANG_WARN_NON_LITERAL_NULL_CONVERSION = YES;
				CLANG_WARN_OBJC_IMPLICIT_RETAIN_SELF = YES;
				CLANG_WARN_OBJC_LITERAL_CONVERSION = YES;
				CLANG_WARN_OBJC_ROOT_CLASS = YES_ERROR;
				CLANG_WARN_QUOTED_INCLUDE_IN_FRAMEWORK_HEADER = YES;
				CLANG_WARN_RANGE_LOOP_ANALYSIS = YES;
				CLANG_WARN_STRICT_PROTOTYPES = YES;
				CLANG_WARN_SUSPICIOUS_MOVE = YES;
				CLANG_WARN_UNGUARDED_AVAILABILITY = YES_AGGRESSIVE;
				CLANG_WARN_UNREACHABLE_CODE = YES;
				CLANG_WARN__DUPLICATE_METHOD_MATCH = YES;
				COPY_PHASE_STRIP = NO;
				CURRENT_PROJECT_VERSION = 1;
				DEBUG_INFORMATION_FORMAT = dwarf;
				DEVELOPMENT_TEAM = 4AFRZJC734;
				ENABLE_STRICT_OBJC_MSGSEND = YES;
				ENABLE_TESTABILITY = YES;
				GCC_C_LANGUAGE_STANDARD = gnu11;
				GCC_DYNAMIC_NO_PIC = NO;
				GCC_NO_COMMON_BLOCKS = YES;
				GCC_OPTIMIZATION_LEVEL = 0;
				GCC_PREPROCESSOR_DEFINITIONS = (
					"$(inherited)",
					"DEBUG=1",
				);
				GCC_WARN_64_TO_32_BIT_CONVERSION = YES;
				GCC_WARN_ABOUT_RETURN_TYPE = YES_ERROR;
				GCC_WARN_UNDECLARED_SELECTOR = YES;
				GCC_WARN_UNINITIALIZED_AUTOS = YES_AGGRESSIVE;
				GCC_WARN_UNUSED_FUNCTION = YES;
				GCC_WARN_UNUSED_VARIABLE = YES;
				IPHONEOS_DEPLOYMENT_TARGET = 17.0;
				MARKETING_VERSION = 1.0;
				MTL_ENABLE_DEBUG_INFO = INCLUDE_SOURCE;
				MTL_FAST_MATH = YES;
				ONLY_ACTIVE_ARCH = YES;
				PRODUCT_NAME = "$(TARGET_NAME)";
				SDKROOT = iphoneos;
				SWIFT_ACTIVE_COMPILATION_CONDITIONS = DEBUG;
				SWIFT_OPTIMIZATION_LEVEL = "-Onone";
				SWIFT_VERSION = 5.0;
			};
			name = Debug;
		};
		B331CC8C19198CF35597BBA6 /* Release */ = {
			isa = XCBuildConfiguration;
			buildSettings = {
				ASSETCATALOG_COMPILER_APPICON_NAME = AppIcon;
				CODE_SIGN_ENTITLEMENTS = RunningPageSync/Resources/RunningPageSync.entitlements;
				CODE_SIGN_IDENTITY = "iPhone Developer";
				INFOPLIST_FILE = RunningPageSync/Resources/Info.plist;
				INFOPLIST_KEY_UIApplicationSceneManifest_Generation = YES;
				INFOPLIST_KEY_UIApplicationSupportsIndirectInputEvents = YES;
				LD_RUNPATH_SEARCH_PATHS = (
					"$(inherited)",
					"@executable_path/Frameworks",
				);
				PRODUCT_BUNDLE_IDENTIFIER = com.runningpage.RunningPageSync;
				SDKROOT = iphoneos;
				TARGETED_DEVICE_FAMILY = "1,2";
			};
			name = Release;
		};
		D37139CA0B11003B7EDCEC1E /* Debug */ = {
			isa = XCBuildConfiguration;
			buildSettings = {
				ASSETCATALOG_COMPILER_APPICON_NAME = AppIcon;
				CODE_SIGN_ENTITLEMENTS = RunningPageSync/Resources/RunningPageSync.entitlements;
				CODE_SIGN_IDENTITY = "iPhone Developer";
				INFOPLIST_FILE = RunningPageSync/Resources/Info.plist;
				INFOPLIST_KEY_UIApplicationSceneManifest_Generation = YES;
				INFOPLIST_KEY_UIApplicationSupportsIndirectInputEvents = YES;
				LD_RUNPATH_SEARCH_PATHS = (
					"$(inherited)",
					"@executable_path/Frameworks",
				);
				PRODUCT_BUNDLE_IDENTIFIER = com.runningpage.RunningPageSync;
				SDKROOT = iphoneos;
				TARGETED_DEVICE_FAMILY = "1,2";
			};
			name = Debug;
		};
/* End XCBuildConfiguration section */

/* Begin XCConfigurationList section */
		38470095C07506ED31AB88EC /* Build configuration list for PBXNativeTarget "RunningPageSyncTests" */ = {
			isa = XCConfigurationList;
			buildConfigurations = (
				5A18C357D1B4C4B7409B2042 /* Debug */,
				279C9B8B7057C09157B543FB /* Release */,
			);
			defaultConfigurationIsVisible = 0;
			defaultConfigurationName = Debug;
		};
		46A4114E3623F93D3DB089B4 /* Build configuration list for PBXNativeTarget "RunningPageSync" */ = {
			isa = XCConfigurationList;
			buildConfigurations = (
				D37139CA0B11003B7EDCEC1E /* Debug */,
				B331CC8C19198CF35597BBA6 /* Release */,
			);
			defaultConfigurationIsVisible = 0;
			defaultConfigurationName = Debug;
		};
		83FFE435AFBE1F120BFCDFF3 /* Build configuration list for PBXProject "RunningPageSync" */ = {
			isa = XCConfigurationList;
			buildConfigurations = (
				8AA9B2EA23670AFFA0FA1D4C /* Debug */,
				6CFE13C741B019F465C5A8DF /* Release */,
			);
			defaultConfigurationIsVisible = 0;
			defaultConfigurationName = Debug;
		};
/* End XCConfigurationList section */

/* Begin XCLocalSwiftPackageReference section */
		B288AF4C2E83E400B67DBCD7 /* XCLocalSwiftPackageReference "RunningPageSyncCore" */ = {
			isa = XCLocalSwiftPackageReference;
			relativePath = RunningPageSyncCore;
		};
/* End XCLocalSwiftPackageReference section */

/* Begin XCSwiftPackageProductDependency section */
		5C01633014486E0D00CE5BD7 /* RunningPageSyncCore */ = {
			isa = XCSwiftPackageProductDependency;
			productName = RunningPageSyncCore;
		};
/* End XCSwiftPackageProductDependency section */
	};
	rootObject = 05BFF79D2AA584BA7E2EC9D3 /* Project object */;
}
